
Microsoft Visual Studio Solution File, Format Version 12.00
# Visual Studio Version 17
VisualStudioVersion = 17.5.33414.496
MinimumVisualStudioVersion = 10.0.40219.1
Project("{FAE04EC0-301F-11D3-BF4B-00C04F79EFBC}") = "Proyecto", "Proyecto\Proyecto.csproj", "{0B33C83E-DF02-4B13-A789-D05A8F5D8685}"
EndProject
Global
	GlobalSection(SolutionConfigurationPlatforms) = preSolution
		Debug|Any CPU = Debug|Any CPU
		Release|Any CPU = Release|Any CPU
	EndGlobalSection
	GlobalSection(ProjectConfigurationPlatforms) = postSolution
		{0B33C83E-DF02-4B13-A789-D05A8F5D8685}.Debug|Any CPU.ActiveCfg = Debug|Any CPU
		{0B33C83E-DF02-4B13-A789-D05A8F5D8685}.Debug|Any CPU.Build.0 = Debug|Any CPU
		{0B33C83E-DF02-4B13-A789-D05A8F5D8685}.Release|Any CPU.ActiveCfg = Release|Any CPU
		{0B33C83E-DF02-4B13-A789-D05A8F5D8685}.Release|Any CPU.Build.0 = Release|Any CPU
	EndGlobalSection
	GlobalSection(SolutionProperties) = preSolution
		HideSolutionNode = FALSE
	EndGlobalSection
	GlobalSection(ExtensibilityGlobals) = postSolution
		SolutionGuid = {F347F711-CC17-4F7D-AAD6-3CF98054D2CD}
	EndGlobalSection
EndGlobal
